# KubeArmor is an open source software that enables you to protect your cloud workload at run-time.
# To learn more about KubeArmor visit: 
# https://www.accuknox.com/kubearmor/ 

apiVersion: security.kubearmor.com/v1
kind: KubeArmorPolicy
metadata:
  name: ksp-nginx-config-block
  namespace: default # use your own labels here
spec:
  message: Access denied for nginx.conf file to users
  tags : ["config","exposure","nginx"]
  selector:
    matchLabels:
       app: nginx  # use your own labels here
  file:
    matchPaths: 
     - path: /etc/nginx/nginx.conf
       ownerOnly: true  
    severity: 5 
    action: Block
