apiVersion: security.kubearmor.com/v1
kind: KubeArmorPolicy
metadata:
  name: ksp-thumbsdb-disclosure-block
  namespace: default  #use-your-ns-here
spec:
  message: Permission denied for thumbs.db file
  tags : ["exposure","files"]
  selector:
    matchLabels:
      app: coldfusion  #use-your-label-here
  file:
    matchPatterns: 
     - pattern: /**/Thumbs.db
     - pattern: /**/thumbs.db     
       ownerOnly: true
    severity: 6 # high severity
  action: Block
