apiVersion: security.kubearmor.com/v1
kind: KubeArmorPolicy
metadata:
  name: ksp-cache-file-block
  namespace: default  #use-your-ns-here
spec:
  message: Permission denied for cache file
  tags : ["exposure","files"]
  selector:
    matchLabels:
      app: coldfusion  #use-your-label-here
  file:
    matchPatterns:
     - pattern: /**/ehcache.xml
     - pattern: /**/cfcache.map
       ownerOnly: true
    severity: 6 # high severity
  action: Block