apiVersion: security.kubearmor.com/v1
kind: KubeArmorHostPolicy
metadata:
  name: hsp-ubuntu-proc-path-block
spec:
  message: Modify the kernel to automatically execute programs on system boot
  tags: ["MITRE"]
  nodeSelector:
    matchLabels:
      {}
  process:
    matchPaths:
      - path: /usr/sbin/insmod
      - path: /usr/sbin/modprobe 
      - path: /usr/lib/modprobe.d
      - path: /etc/modprobe.d  
      - path: /usr/sbin/rmmod   
    action: Audit
    severity: 6

