apiVersion: security.kubearmor.com/v1
kind: KubeArmorHostPolicy
metadata:
  name: hsp-cis-1-1-7-etcd-pod-block
spec:
  tags: ["CIS", "1.1.7", "K8s"]
  message: "etcd pod specification file permissions are set to 644"
  nodeSelector:
    matchLabels:
      kubernetes.io/hostname: gke-cluster-1-default-pool-a0926cb0-2sw2 #change this label with your label
  file:
    severity: 5
    matchPaths:
    - path: /etc/kubernetes/manifests/etcd.yaml
      readOnly: false
      ownerOnly: true
    action: Block
