# KubeArmor is an open source software that enables you to protect your cloud workload at run-time.
# To learn more about KubeArmor visit: 
# https://www.accuknox.com/kubearmor/ 

apiVersion: security.kubearmor.com/v1
kind: KubeArmorHostPolicy
metadata:
  name: hsp-cis-1.1.13-admin-conf-block
spec:
  tags: ["CIS", "1.1.13","k8s", "V1.20"]
  message: "This policy will block admin.conf access"
  nodeSelector:
    matchLabels:
      kubernetes.io/hostname: gke-cluster-1-default-pool-f03ca967-10jc # Change your node
  file:
    severity: 5
    matchPaths:
    - path: /etc/kubernetes/admin.conf
      readOnly: true
      ownerOnly: true
    action: Block
