apiVersion: security.kubearmor.com/v1
kind: KubeArmorPolicy
metadata:
  name: ksp-ra-5-4-vs-discoverable-information-os-block
  namespace: {}
spec:
  tags: ["NIST", "RA-5(4)"]
  message: "block the os informtion"
  selector:
    matchLabels:
      {}
  file:
    severity: 5
    matchPaths:
    - path: /etc/os-release # try cat (permission denied)
    - path: /proc/version
    - path: /usr/lib/os-release
    - path: /etc/lsb-release
    action: Block  
