# KubeArmor is an open source software that enables you to protect your cloud workload at run-time.
# To learn more about KubeArmor visit: 
# https://www.accuknox.com/kubearmor/ 

apiVersion: security.kubearmor.com/v1
kind: KubeArmorPolicy
metadata:
  name: ksp-nist-cm-7-2-least-func-prevent-auto-exec-block
  namespace: default # add your own namespace
spec:
  tags: ["NIST", "CM-7(2)"]
  message: "This policy will block auto-execution programs (ex:crontab)" 
  selector:
    matchLabels:
      container: ubuntu-1 # add your own match labels
  process:
    severity: 2
    matchPaths:
    - path: /etc/crontab # try crontab (permission denied)
    - path: /etc/anacrontab
    - path: /etc/fcrontab
    - path: /etc/hcron
    - path: /etc/jobber
    action: Block
