# KubeArmor is an open source software that enables you to protect your cloud workload at run-time.
# To learn more about KubeArmor visit: 
# https://www.accuknox.com/kubearmor/ 

apiVersion: security.kubearmor.com/v1
kind: KubeArmorPolicy
metadata:
  name: ksp-wordpress-packages-process-block
  namespace: default        #change default namespace to match your namespace
spec:  
  message: "(Alert) Package Manager triggered! unexpected behaviour"
  tags: ["Wordpress"]
  selector:
    matchLabels:
      app: wordpress # use your labels here
  process:
    severity: 5
    matchPaths:
    - path: /usr/bin/apt
    - path: /usr/bin/apt-get
    action: Block
